
Microsoft Visual Studio Solution File, Format Version 12.00
# Visual Studio Version 16
VisualStudioVersion = 16.0.31313.79
MinimumVisualStudioVersion = 10.0.40219.1
Project("{9A19103F-16F7-4668-BE54-9A1E7A4F7556}") = "SqlServerWebToolProject", "SqlServerWebToolProject\SqlServerWebToolProject.csproj", "{CFD1C438-6CE9-43DB-9A3C-C020F48964BE}"
EndProject
Project("{9A19103F-16F7-4668-BE54-9A1E7A4F7556}") = "SqlServerWebToolLib", "SqlServerWebToolLib\SqlServerWebToolLib.csproj", "{B0332112-2216-478C-B63B-9C255D241E2B}"
EndProject
Project("{9A19103F-16F7-4668-BE54-9A1E7A4F7556}") = "SqlServerWebToolModel", "SqlServerWebToolModel\SqlServerWebToolModel.csproj", "{483BD4E7-85F9-4623-99E6-F05D691B6499}"
EndProject
Global
	GlobalSection(SolutionConfigurationPlatforms) = preSolution
		Debug|Any CPU = Debug|Any CPU
		Release|Any CPU = Release|Any CPU
	EndGlobalSection
	GlobalSection(ProjectConfigurationPlatforms) = postSolution
		{CFD1C438-6CE9-43DB-9A3C-C020F48964BE}.Debug|Any CPU.ActiveCfg = Debug|Any CPU
		{CFD1C438-6CE9-43DB-9A3C-C020F48964BE}.Debug|Any CPU.Build.0 = Debug|Any CPU
		{CFD1C438-6CE9-43DB-9A3C-C020F48964BE}.Release|Any CPU.ActiveCfg = Release|Any CPU
		{CFD1C438-6CE9-43DB-9A3C-C020F48964BE}.Release|Any CPU.Build.0 = Release|Any CPU
		{B0332112-2216-478C-B63B-9C255D241E2B}.Debug|Any CPU.ActiveCfg = Debug|Any CPU
		{B0332112-2216-478C-B63B-9C255D241E2B}.Debug|Any CPU.Build.0 = Debug|Any CPU
		{B0332112-2216-478C-B63B-9C255D241E2B}.Release|Any CPU.ActiveCfg = Release|Any CPU
		{B0332112-2216-478C-B63B-9C255D241E2B}.Release|Any CPU.Build.0 = Release|Any CPU
		{483BD4E7-85F9-4623-99E6-F05D691B6499}.Debug|Any CPU.ActiveCfg = Debug|Any CPU
		{483BD4E7-85F9-4623-99E6-F05D691B6499}.Debug|Any CPU.Build.0 = Debug|Any CPU
		{483BD4E7-85F9-4623-99E6-F05D691B6499}.Release|Any CPU.ActiveCfg = Release|Any CPU
		{483BD4E7-85F9-4623-99E6-F05D691B6499}.Release|Any CPU.Build.0 = Release|Any CPU
	EndGlobalSection
	GlobalSection(SolutionProperties) = preSolution
		HideSolutionNode = FALSE
	EndGlobalSection
	GlobalSection(ExtensibilityGlobals) = postSolution
		SolutionGuid = {FD466EAC-C000-488E-B1B8-536BC40A4E3D}
	EndGlobalSection
EndGlobal
